// !$*UTF8*$!
{
	archiveVersion = 1;
	classes = {
	};
	objectVersion = 46;
	objects = {

/* Begin PBXBuildFile section */
		7371ACCE1ED32CA900E291B6 /* Accelerate.framework in Frameworks */ = {isa = PBXBuildFile; fileRef = 7371ACCD1ED32CA900E291B6 /* Accelerate.framework */; };
		7371ACF51ED9D60900E291B6 /* TimeProfile.c in Sources */ = {isa = PBXBuildFile; fileRef = 7371ACF31ED9D60900E291B6 /* TimeProfile.c */; };
		7371ACFB1EDEB84B00E291B6 /* NeuralNetwork.c in Sources */ = {isa = PBXBuildFile; fileRef = 7371ACF91EDEB84B00E291B6 /* NeuralNetwork.c */; };
		73B409061ED14BC9000197ED /* main.c in Sources */ = {isa = PBXBuildFile; fileRef = 73B409051ED14BC9000197ED /* main.c */; };
		73B4090E1ED14C31000197ED /* LoadIrisDataSet.c in Sources */ = {isa = PBXBuildFile; fileRef = 73B4090C1ED14C31000197ED /* LoadIrisDataSet.c */; };
		73B409111ED14DF7000197ED /* Memory.c in Sources */ = {isa = PBXBuildFile; fileRef = 73B4090F1ED14DF7000197ED /* Memory.c */; };
		73B409171ED19FE6000197ED /* Utils.c in Sources */ = {isa = PBXBuildFile; fileRef = 73B409151ED19FE6000197ED /* Utils.c */; };
/* End PBXBuildFile section */

/* Begin PBXCopyFilesBuildPhase section */
		73B409001ED14BC9000197ED /* CopyFiles */ = {
			isa = PBXCopyFilesBuildPhase;
			buildActionMask = 2147483647;
			dstPath = /usr/share/man/man1/;
			dstSubfolderSpec = 0;
			files = (
			);
			runOnlyForDeploymentPostprocessing = 1;
		};
/* End PBXCopyFilesBuildPhase section */

/* Begin PBXFileReference section */
		7371ACCD1ED32CA900E291B6 /* Accelerate.framework */ = {isa = PBXFileReference; lastKnownFileType = wrapper.framework; name = Accelerate.framework; path = System/Library/Frameworks/Accelerate.framework; sourceTree = SDKROOT; };
		7371ACF21ED7D42500E291B6 /* Makefile */ = {isa = PBXFileReference; lastKnownFileType = sourcecode.make; path = Makefile; sourceTree = "<group>"; };
		7371ACF31ED9D60900E291B6 /* TimeProfile.c */ = {isa = PBXFileReference; fileEncoding = 4; lastKnownFileType = sourcecode.c.c; path = TimeProfile.c; sourceTree = "<group>"; };
		7371ACF41ED9D60900E291B6 /* TimeProfile.h */ = {isa = PBXFileReference; fileEncoding = 4; lastKnownFileType = sourcecode.c.h; path = TimeProfile.h; sourceTree = "<group>"; };
		7371ACF91EDEB84B00E291B6 /* NeuralNetwork.c */ = {isa = PBXFileReference; fileEncoding = 4; lastKnownFileType = sourcecode.c.c; path = NeuralNetwork.c; sourceTree = "<group>"; };
		7371ACFA1EDEB84B00E291B6 /* NeuralNetwork.h */ = {isa = PBXFileReference; fileEncoding = 4; lastKnownFileType = sourcecode.c.h; path = NeuralNetwork.h; sourceTree = "<group>"; };
		73B409021ED14BC9000197ED /* FeedforwardNT */ = {isa = PBXFileReference; explicitFileType = "compiled.mach-o.executable"; includeInIndex = 0; path = FeedforwardNT; sourceTree = BUILT_PRODUCTS_DIR; };
		73B409051ED14BC9000197ED /* main.c */ = {isa = PBXFileReference; lastKnownFileType = sourcecode.c.c; path = main.c; sourceTree = "<group>"; };
		73B4090C1ED14C31000197ED /* LoadIrisDataSet.c */ = {isa = PBXFileReference; fileEncoding = 4; lastKnownFileType = sourcecode.c.c; path = LoadIrisDataSet.c; sourceTree = "<group>"; };
		73B4090D1ED14C31000197ED /* LoadIrisDataSet.h */ = {isa = PBXFileReference; fileEncoding = 4; lastKnownFileType = sourcecode.c.h; path = LoadIrisDataSet.h; sourceTree = "<group>"; };
		73B4090F1ED14DF7000197ED /* Memory.c */ = {isa = PBXFileReference; fileEncoding = 4; lastKnownFileType = sourcecode.c.c; path = Memory.c; sourceTree = "<group>"; };
		73B409101ED14DF7000197ED /* Memory.h */ = {isa = PBXFileReference; fileEncoding = 4; lastKnownFileType = sourcecode.c.h; path = Memory.h; sourceTree = "<group>"; };
		73B409151ED19FE6000197ED /* Utils.c */ = {isa = PBXFileReference; fileEncoding = 4; lastKnownFileType = sourcecode.c.c; path = Utils.c; sourceTree = "<group>"; };
		73B409161ED19FE6000197ED /* Utils.h */ = {isa = PBXFileReference; fileEncoding = 4; lastKnownFileType = sourcecode.c.h; path = Utils.h; sourceTree = "<group>"; };
/* End PBXFileReference section */

/* Begin PBXFrameworksBuildPhase section */
		73B408FF1ED14BC9000197ED /* Frameworks */ = {
			isa = PBXFrameworksBuildPhase;
			buildActionMask = 2147483647;
			files = (
				7371ACCE1ED32CA900E291B6 /* Accelerate.framework in Frameworks */,
			);
			runOnlyForDeploymentPostprocessing = 0;
		};
/* End PBXFrameworksBuildPhase section */

/* Begin PBXGroup section */
		7371ACCC1ED32CA900E291B6 /* Frameworks */ = {
			isa = PBXGroup;
			children = (
				7371ACCD1ED32CA900E291B6 /* Accelerate.framework */,
			);
			name = Frameworks;
			sourceTree = "<group>";
		};
		73B408F91ED14BC9000197ED = {
			isa = PBXGroup;
			children = (
				73B409041ED14BC9000197ED /* FeedforwardNT */,
				73B409031ED14BC9000197ED /* Products */,
				7371ACCC1ED32CA900E291B6 /* Frameworks */,
			);
			sourceTree = "<group>";
		};
		73B409031ED14BC9000197ED /* Products */ = {
			isa = PBXGroup;
			children = (
				73B409021ED14BC9000197ED /* FeedforwardNT */,
			);
			name = Products;
			sourceTree = "<group>";
		};
		73B409041ED14BC9000197ED /* FeedforwardNT */ = {
			isa = PBXGroup;
			children = (
				7371ACF21ED7D42500E291B6 /* Makefile */,
				73B409051ED14BC9000197ED /* main.c */,
				7371ACF91EDEB84B00E291B6 /* NeuralNetwork.c */,
				7371ACFA1EDEB84B00E291B6 /* NeuralNetwork.h */,
				73B4090C1ED14C31000197ED /* LoadIrisDataSet.c */,
				73B4090D1ED14C31000197ED /* LoadIrisDataSet.h */,
				73B4090F1ED14DF7000197ED /* Memory.c */,
				73B409101ED14DF7000197ED /* Memory.h */,
				73B409151ED19FE6000197ED /* Utils.c */,
				73B409161ED19FE6000197ED /* Utils.h */,
				7371ACF31ED9D60900E291B6 /* TimeProfile.c */,
				7371ACF41ED9D60900E291B6 /* TimeProfile.h */,
			);
			path = FeedforwardNT;
			sourceTree = "<group>";
		};
/* End PBXGroup section */

/* Begin PBXNativeTarget section */
		73B409011ED14BC9000197ED /* FeedforwardNT */ = {
			isa = PBXNativeTarget;
			buildConfigurationList = 73B409091ED14BC9000197ED /* Build configuration list for PBXNativeTarget "FeedforwardNT" */;
			buildPhases = (
				73B408FE1ED14BC9000197ED /* Sources */,
				73B408FF1ED14BC9000197ED /* Frameworks */,
				73B409001ED14BC9000197ED /* CopyFiles */,
			);
			buildRules = (
			);
			dependencies = (
			);
			name = FeedforwardNT;
			productName = FeedforwardNT;
			productReference = 73B409021ED14BC9000197ED /* FeedforwardNT */;
			productType = "com.apple.product-type.tool";
		};
/* End PBXNativeTarget section */

/* Begin PBXProject section */
		73B408FA1ED14BC9000197ED /* Project object */ = {
			isa = PBXProject;
			attributes = {
				LastUpgradeCheck = 0830;
				ORGANIZATIONNAME = ScienceSoul;
				TargetAttributes = {
					73B409011ED14BC9000197ED = {
						CreatedOnToolsVersion = 8.3.2;
						DevelopmentTeam = 65WT6FN4B4;
						ProvisioningStyle = Automatic;
					};
				};
			};
			buildConfigurationList = 73B408FD1ED14BC9000197ED /* Build configuration list for PBXProject "FeedforwardNT" */;
			compatibilityVersion = "Xcode 3.2";
			developmentRegion = English;
			hasScannedForEncodings = 0;
			knownRegions = (
				en,
			);
			mainGroup = 73B408F91ED14BC9000197ED;
			productRefGroup = 73B409031ED14BC9000197ED /* Products */;
			projectDirPath = "";
			projectRoot = "";
			targets = (
				73B409011ED14BC9000197ED /* FeedforwardNT */,
			);
		};
/* End PBXProject section */

/* Begin PBXSourcesBuildPhase section */
		73B408FE1ED14BC9000197ED /* Sources */ = {
			isa = PBXSourcesBuildPhase;
			buildActionMask = 2147483647;
			files = (
				7371ACFB1EDEB84B00E291B6 /* NeuralNetwork.c in Sources */,
				73B409061ED14BC9000197ED /* main.c in Sources */,
				73B409111ED14DF7000197ED /* Memory.c in Sources */,
				7371ACF51ED9D60900E291B6 /* TimeProfile.c in Sources */,
				73B4090E1ED14C31000197ED /* LoadIrisDataSet.c in Sources */,
				73B409171ED19FE6000197ED /* Utils.c in Sources */,
			);
			runOnlyForDeploymentPostprocessing = 0;
		};
/* End PBXSourcesBuildPhase section */

/* Begin XCBuildConfiguration section */
		73B409071ED14BC9000197ED /* Debug */ = {
			isa = XCBuildConfiguration;
			buildSettings = {
				ALWAYS_SEARCH_USER_PATHS = NO;
				CLANG_ANALYZER_NONNULL = YES;
				CLANG_ANALYZER_NUMBER_OBJECT_CONVERSION = YES_AGGRESSIVE;
				CLANG_CXX_LANGUAGE_STANDARD = "gnu++0x";
				CLANG_CXX_LIBRARY = "libc++";
				CLANG_ENABLE_MODULES = YES;
				CLANG_ENABLE_OBJC_ARC = YES;
				CLANG_WARN_BOOL_CONVERSION = YES;
				CLANG_WARN_CONSTANT_CONVERSION = YES;
				CLANG_WARN_DIRECT_OBJC_ISA_USAGE = YES_ERROR;
				CLANG_WARN_DOCUMENTATION_COMMENTS = YES;
				CLANG_WARN_EMPTY_BODY = YES;
				CLANG_WARN_ENUM_CONVERSION = YES;
				CLANG_WARN_INFINITE_RECURSION = YES;
				CLANG_WARN_INT_CONVERSION = YES;
				CLANG_WARN_OBJC_ROOT_CLASS = YES_ERROR;
				CLANG_WARN_SUSPICIOUS_MOVE = YES;
				CLANG_WARN_UNREACHABLE_CODE = YES;
				CLANG_WARN__DUPLICATE_METHOD_MATCH = YES;
				CODE_SIGN_IDENTITY = "-";
				COPY_PHASE_STRIP = NO;
				DEBUG_INFORMATION_FORMAT = dwarf;
				ENABLE_STRICT_OBJC_MSGSEND = YES;
				ENABLE_TESTABILITY = YES;
				GCC_C_LANGUAGE_STANDARD = gnu99;
				GCC_DYNAMIC_NO_PIC = NO;
				GCC_NO_COMMON_BLOCKS = YES;
				GCC_OPTIMIZATION_LEVEL = 0;
				GCC_PREPROCESSOR_DEFINITIONS = (
					"DEBUG=1",
					"$(inherited)",
				);
				GCC_WARN_64_TO_32_BIT_CONVERSION = YES;
				GCC_WARN_ABOUT_RETURN_TYPE = YES_ERROR;
				GCC_WARN_UNDECLARED_SELECTOR = YES;
				GCC_WARN_UNINITIALIZED_AUTOS = YES_AGGRESSIVE;
				GCC_WARN_UNUSED_FUNCTION = YES;
				GCC_WARN_UNUSED_VARIABLE = YES;
				MACOSX_DEPLOYMENT_TARGET = 10.12;
				MTL_ENABLE_DEBUG_INFO = YES;
				ONLY_ACTIVE_ARCH = YES;
				SDKROOT = macosx;
			};
			name = Debug;
		};
		73B409081ED14BC9000197ED /* Release */ = {
			isa = XCBuildConfiguration;
			buildSettings = {
				ALWAYS_SEARCH_USER_PATHS = NO;
				CLANG_ANALYZER_NONNULL = YES;
				CLANG_ANALYZER_NUMBER_OBJECT_CONVERSION = YES_AGGRESSIVE;
				CLANG_CXX_LANGUAGE_STANDARD = "gnu++0x";
				CLANG_CXX_LIBRARY = "libc++";
				CLANG_ENABLE_MODULES = YES;
				CLANG_ENABLE_OBJC_ARC = YES;
				CLANG_WARN_BOOL_CONVERSION = YES;
				CLANG_WARN_CONSTANT_CONVERSION = YES;
				CLANG_WARN_DIRECT_OBJC_ISA_USAGE = YES_ERROR;
				CLANG_WARN_DOCUMENTATION_COMMENTS = YES;
				CLANG_WARN_EMPTY_BODY = YES;
				CLANG_WARN_ENUM_CONVERSION = YES;
				CLANG_WARN_INFINITE_RECURSION = YES;
				CLANG_WARN_INT_CONVERSION = YES;
				CLANG_WARN_OBJC_ROOT_CLASS = YES_ERROR;
				CLANG_WARN_SUSPICIOUS_MOVE = YES;
				CLANG_WARN_UNREACHABLE_CODE = YES;
				CLANG_WARN__DUPLICATE_METHOD_MATCH = YES;
				CODE_SIGN_IDENTITY = "-";
				COPY_PHASE_STRIP = NO;
				DEBUG_INFORMATION_FORMAT = "dwarf-with-dsym";
				ENABLE_NS_ASSERTIONS = NO;
				ENABLE_STRICT_OBJC_MSGSEND = YES;
				GCC_C_LANGUAGE_STANDARD = gnu99;
				GCC_NO_COMMON_BLOCKS = YES;
				GCC_WARN_64_TO_32_BIT_CONVERSION = YES;
				GCC_WARN_ABOUT_RETURN_TYPE = YES_ERROR;
				GCC_WARN_UNDECLARED_SELECTOR = YES;
				GCC_WARN_UNINITIALIZED_AUTOS = YES_AGGRESSIVE;
				GCC_WARN_UNUSED_FUNCTION = YES;
				GCC_WARN_UNUSED_VARIABLE = YES;
				MACOSX_DEPLOYMENT_TARGET = 10.12;
				MTL_ENABLE_DEBUG_INFO = NO;
				SDKROOT = macosx;
			};
			name = Release;
		};
		73B4090A1ED14BC9000197ED /* Debug */ = {
			isa = XCBuildConfiguration;
			buildSettings = {
				DEVELOPMENT_TEAM = 65WT6FN4B4;
				PRODUCT_NAME = "$(TARGET_NAME)";
			};
			name = Debug;
		};
		73B4090B1ED14BC9000197ED /* Release */ = {
			isa = XCBuildConfiguration;
			buildSettings = {
				DEVELOPMENT_TEAM = 65WT6FN4B4;
				PRODUCT_NAME = "$(TARGET_NAME)";
			};
			name = Release;
		};
/* End XCBuildConfiguration section */

/* Begin XCConfigurationList section */
		73B408FD1ED14BC9000197ED /* Build configuration list for PBXProject "FeedforwardNT" */ = {
			isa = XCConfigurationList;
			buildConfigurations = (
				73B409071ED14BC9000197ED /* Debug */,
				73B409081ED14BC9000197ED /* Release */,
			);
			defaultConfigurationIsVisible = 0;
			defaultConfigurationName = Release;
		};
		73B409091ED14BC9000197ED /* Build configuration list for PBXNativeTarget "FeedforwardNT" */ = {
			isa = XCConfigurationList;
			buildConfigurations = (
				73B4090A1ED14BC9000197ED /* Debug */,
				73B4090B1ED14BC9000197ED /* Release */,
			);
			defaultConfigurationIsVisible = 0;
			defaultConfigurationName = Release;
		};
/* End XCConfigurationList section */
	};
	rootObject = 73B408FA1ED14BC9000197ED /* Project object */;
}
