// !$*UTF8*$!
{
	archiveVersion = 1;
	classes = {
	};
	objectVersion = 46;
	objects = {

/* Begin PBXBuildFile section */
		013B952920CF658E00E033FF /* MetalKernels.metal in Sources */ = {isa = PBXBuildFile; fileRef = 013B952820CE174B00E033FF /* MetalKernels.metal */; };
		0161750420DC935E00FC40FF /* Parsing.c in Sources */ = {isa = PBXBuildFile; fileRef = 0161750320DC935E00FC40FF /* Parsing.c */; };
		0161750720E1FCD800FC40FF /* NetworkUtils.c in Sources */ = {isa = PBXBuildFile; fileRef = 0161750620E1FCD800FC40FF /* NetworkUtils.c */; };
		0161750A20E2008800FC40FF /* Data.c in Sources */ = {isa = PBXBuildFile; fileRef = 0161750920E2008800FC40FF /* Data.c */; };
		01B73FA020C0E5060096F830 /* LoadMNISTDataSet.c in Sources */ = {isa = PBXBuildFile; fileRef = 01B73F9F20C0E5060096F830 /* LoadMNISTDataSet.c */; };
		01F6EC0E20CA696A00CC5606 /* MetalCompute.m in Sources */ = {isa = PBXBuildFile; fileRef = 01F6EC0D20CA696A00CC5606 /* MetalCompute.m */; };
		01F6EC1120CDF23600CC5606 /* Metal.framework in Frameworks */ = {isa = PBXBuildFile; fileRef = 01F6EC1020CDF23600CC5606 /* Metal.framework */; };
		733208641F14D66700B4611F /* LoadIrisDataSet.c in Sources */ = {isa = PBXBuildFile; fileRef = 7332085D1F14D66700B4611F /* LoadIrisDataSet.c */; };
		733208651F14D66700B4611F /* main.c in Sources */ = {isa = PBXBuildFile; fileRef = 7332085E1F14D66700B4611F /* main.c */; };
		733208661F14D66700B4611F /* Memory.c in Sources */ = {isa = PBXBuildFile; fileRef = 7332085F1F14D66700B4611F /* Memory.c */; };
		733208671F14D66700B4611F /* NeuralNetwork.c in Sources */ = {isa = PBXBuildFile; fileRef = 733208601F14D66700B4611F /* NeuralNetwork.c */; };
		733208681F14D66700B4611F /* OpenCLUtils.c in Sources */ = {isa = PBXBuildFile; fileRef = 733208611F14D66700B4611F /* OpenCLUtils.c */; };
		733208691F14D66700B4611F /* TimeProfile.c in Sources */ = {isa = PBXBuildFile; fileRef = 733208621F14D66700B4611F /* TimeProfile.c */; };
		7332086A1F14D66700B4611F /* Utils.c in Sources */ = {isa = PBXBuildFile; fileRef = 733208631F14D66700B4611F /* Utils.c */; };
		7371ACCE1ED32CA900E291B6 /* Accelerate.framework in Frameworks */ = {isa = PBXBuildFile; fileRef = 7371ACCD1ED32CA900E291B6 /* Accelerate.framework */; };
		7371AD0E1EEBCFDB00E291B6 /* OpenCL.framework in Frameworks */ = {isa = PBXBuildFile; fileRef = 7371AD0D1EEBCFDB00E291B6 /* OpenCL.framework */; };
/* End PBXBuildFile section */

/* Begin PBXCopyFilesBuildPhase section */
		73B409001ED14BC9000197ED /* CopyFiles */ = {
			isa = PBXCopyFilesBuildPhase;
			buildActionMask = 2147483647;
			dstPath = /usr/share/man/man1/;
			dstSubfolderSpec = 0;
			files = (
			);
			runOnlyForDeploymentPostprocessing = 1;
		};
/* End PBXCopyFilesBuildPhase section */

/* Begin PBXFileReference section */
		013B952820CE174B00E033FF /* MetalKernels.metal */ = {isa = PBXFileReference; lastKnownFileType = sourcecode.metal; name = MetalKernels.metal; path = metal/MetalKernels.metal; sourceTree = SOURCE_ROOT; };
		0161750320DC935E00FC40FF /* Parsing.c */ = {isa = PBXFileReference; lastKnownFileType = sourcecode.c.c; name = Parsing.c; path = src/Parsing.c; sourceTree = "<group>"; };
		0161750520DC939500FC40FF /* Parsing.h */ = {isa = PBXFileReference; lastKnownFileType = sourcecode.c.h; name = Parsing.h; path = include/Parsing.h; sourceTree = "<group>"; };
		0161750620E1FCD800FC40FF /* NetworkUtils.c */ = {isa = PBXFileReference; lastKnownFileType = sourcecode.c.c; name = NetworkUtils.c; path = src/NetworkUtils.c; sourceTree = "<group>"; };
		0161750820E1FD5E00FC40FF /* NetworkUtils.h */ = {isa = PBXFileReference; lastKnownFileType = sourcecode.c.h; name = NetworkUtils.h; path = include/NetworkUtils.h; sourceTree = "<group>"; };
		0161750920E2008800FC40FF /* Data.c */ = {isa = PBXFileReference; lastKnownFileType = sourcecode.c.c; name = Data.c; path = src/Data.c; sourceTree = "<group>"; };
		0161750B20E200A000FC40FF /* Data.h */ = {isa = PBXFileReference; lastKnownFileType = sourcecode.c.h; name = Data.h; path = include/Data.h; sourceTree = "<group>"; };
		0161750E20E48B9500FC40FF /* Optimization.h */ = {isa = PBXFileReference; lastKnownFileType = sourcecode.c.h; name = Optimization.h; path = include/Optimization.h; sourceTree = "<group>"; };
		01B73F9E20C0E2FA0096F830 /* LoadMNISTDataSet.h */ = {isa = PBXFileReference; lastKnownFileType = sourcecode.c.h; name = LoadMNISTDataSet.h; path = include/LoadMNISTDataSet.h; sourceTree = "<group>"; };
		01B73F9F20C0E5060096F830 /* LoadMNISTDataSet.c */ = {isa = PBXFileReference; lastKnownFileType = sourcecode.c.c; name = LoadMNISTDataSet.c; path = src/LoadMNISTDataSet.c; sourceTree = "<group>"; };
		01F6EC0D20CA696A00CC5606 /* MetalCompute.m */ = {isa = PBXFileReference; lastKnownFileType = sourcecode.c.objc; name = MetalCompute.m; path = src/MetalCompute.m; sourceTree = "<group>"; };
		01F6EC0F20CA69D800CC5606 /* MetalCompute.h */ = {isa = PBXFileReference; lastKnownFileType = sourcecode.c.h; name = MetalCompute.h; path = include/MetalCompute.h; sourceTree = "<group>"; };
		01F6EC1020CDF23600CC5606 /* Metal.framework */ = {isa = PBXFileReference; lastKnownFileType = wrapper.framework; name = Metal.framework; path = System/Library/Frameworks/Metal.framework; sourceTree = SDKROOT; };
		01F6EC1220CDF3F300CC5606 /* MetalKit.framework */ = {isa = PBXFileReference; lastKnownFileType = wrapper.framework; name = MetalKit.framework; path = System/Library/Frameworks/MetalKit.framework; sourceTree = SDKROOT; };
		733208581F14CEA600B4611F /* README.md */ = {isa = PBXFileReference; fileEncoding = 4; lastKnownFileType = net.daringfireball.markdown; path = README.md; sourceTree = "<group>"; };
		7332085D1F14D66700B4611F /* LoadIrisDataSet.c */ = {isa = PBXFileReference; fileEncoding = 4; lastKnownFileType = sourcecode.c.c; name = LoadIrisDataSet.c; path = src/LoadIrisDataSet.c; sourceTree = "<group>"; };
		7332085E1F14D66700B4611F /* main.c */ = {isa = PBXFileReference; fileEncoding = 4; lastKnownFileType = sourcecode.c.c; name = main.c; path = src/main.c; sourceTree = "<group>"; };
		7332085F1F14D66700B4611F /* Memory.c */ = {isa = PBXFileReference; fileEncoding = 4; lastKnownFileType = sourcecode.c.c; name = Memory.c; path = src/Memory.c; sourceTree = "<group>"; };
		733208601F14D66700B4611F /* NeuralNetwork.c */ = {isa = PBXFileReference; fileEncoding = 4; lastKnownFileType = sourcecode.c.c; name = NeuralNetwork.c; path = src/NeuralNetwork.c; sourceTree = "<group>"; };
		733208611F14D66700B4611F /* OpenCLUtils.c */ = {isa = PBXFileReference; fileEncoding = 4; lastKnownFileType = sourcecode.c.c; name = OpenCLUtils.c; path = src/OpenCLUtils.c; sourceTree = "<group>"; };
		733208621F14D66700B4611F /* TimeProfile.c */ = {isa = PBXFileReference; fileEncoding = 4; lastKnownFileType = sourcecode.c.c; name = TimeProfile.c; path = src/TimeProfile.c; sourceTree = "<group>"; };
		733208631F14D66700B4611F /* Utils.c */ = {isa = PBXFileReference; fileEncoding = 4; lastKnownFileType = sourcecode.c.c; name = Utils.c; path = src/Utils.c; sourceTree = "<group>"; };
		7332086B1F14D67900B4611F /* Makefile */ = {isa = PBXFileReference; fileEncoding = 4; lastKnownFileType = sourcecode.make; name = Makefile; path = src/Makefile; sourceTree = "<group>"; };
		7332086D1F14D68700B4611F /* LoadIrisDataSet.h */ = {isa = PBXFileReference; fileEncoding = 4; lastKnownFileType = sourcecode.c.h; name = LoadIrisDataSet.h; path = include/LoadIrisDataSet.h; sourceTree = "<group>"; };
		7332086E1F14D68700B4611F /* Memory.h */ = {isa = PBXFileReference; fileEncoding = 4; lastKnownFileType = sourcecode.c.h; name = Memory.h; path = include/Memory.h; sourceTree = "<group>"; };
		7332086F1F14D68700B4611F /* NeuralNetwork.h */ = {isa = PBXFileReference; fileEncoding = 4; lastKnownFileType = sourcecode.c.h; name = NeuralNetwork.h; path = include/NeuralNetwork.h; sourceTree = "<group>"; };
		733208701F14D68700B4611F /* OpenCLUtils.h */ = {isa = PBXFileReference; fileEncoding = 4; lastKnownFileType = sourcecode.c.h; name = OpenCLUtils.h; path = include/OpenCLUtils.h; sourceTree = "<group>"; };
		733208711F14D68700B4611F /* TimeProfile.h */ = {isa = PBXFileReference; fileEncoding = 4; lastKnownFileType = sourcecode.c.h; name = TimeProfile.h; path = include/TimeProfile.h; sourceTree = "<group>"; };
		733208721F14D68700B4611F /* Utils.h */ = {isa = PBXFileReference; fileEncoding = 4; lastKnownFileType = sourcecode.c.h; name = Utils.h; path = include/Utils.h; sourceTree = "<group>"; };
		7371ACCD1ED32CA900E291B6 /* Accelerate.framework */ = {isa = PBXFileReference; lastKnownFileType = wrapper.framework; name = Accelerate.framework; path = System/Library/Frameworks/Accelerate.framework; sourceTree = SDKROOT; };
		7371AD0D1EEBCFDB00E291B6 /* OpenCL.framework */ = {isa = PBXFileReference; lastKnownFileType = wrapper.framework; name = OpenCL.framework; path = System/Library/Frameworks/OpenCL.framework; sourceTree = SDKROOT; };
		73B409021ED14BC9000197ED /* FeedforwardNT */ = {isa = PBXFileReference; explicitFileType = "compiled.mach-o.executable"; includeInIndex = 0; path = FeedforwardNT; sourceTree = BUILT_PRODUCTS_DIR; };
/* End PBXFileReference section */

/* Begin PBXFrameworksBuildPhase section */
		73B408FF1ED14BC9000197ED /* Frameworks */ = {
			isa = PBXFrameworksBuildPhase;
			buildActionMask = 2147483647;
			files = (
				01F6EC1120CDF23600CC5606 /* Metal.framework in Frameworks */,
				7371AD0E1EEBCFDB00E291B6 /* OpenCL.framework in Frameworks */,
				7371ACCE1ED32CA900E291B6 /* Accelerate.framework in Frameworks */,
			);
			runOnlyForDeploymentPostprocessing = 0;
		};
/* End PBXFrameworksBuildPhase section */

/* Begin PBXGroup section */
		01F6EC1420CE166200CC5606 /* metal */ = {
			isa = PBXGroup;
			children = (
				013B952820CE174B00E033FF /* MetalKernels.metal */,
			);
			name = metal;
			path = "New Group";
			sourceTree = "<group>";
		};
		7332085B1F14D62C00B4611F /* src */ = {
			isa = PBXGroup;
			children = (
				7332086B1F14D67900B4611F /* Makefile */,
				7332085E1F14D66700B4611F /* main.c */,
				733208601F14D66700B4611F /* NeuralNetwork.c */,
				0161750620E1FCD800FC40FF /* NetworkUtils.c */,
				7332085F1F14D66700B4611F /* Memory.c */,
				0161750320DC935E00FC40FF /* Parsing.c */,
				0161750920E2008800FC40FF /* Data.c */,
				01F6EC0D20CA696A00CC5606 /* MetalCompute.m */,
				733208631F14D66700B4611F /* Utils.c */,
				733208621F14D66700B4611F /* TimeProfile.c */,
				733208611F14D66700B4611F /* OpenCLUtils.c */,
				7332085D1F14D66700B4611F /* LoadIrisDataSet.c */,
				01B73F9F20C0E5060096F830 /* LoadMNISTDataSet.c */,
			);
			name = src;
			sourceTree = "<group>";
		};
		7332085C1F14D63600B4611F /* include */ = {
			isa = PBXGroup;
			children = (
				7332086F1F14D68700B4611F /* NeuralNetwork.h */,
				0161750820E1FD5E00FC40FF /* NetworkUtils.h */,
				7332086E1F14D68700B4611F /* Memory.h */,
				0161750520DC939500FC40FF /* Parsing.h */,
				0161750B20E200A000FC40FF /* Data.h */,
				0161750E20E48B9500FC40FF /* Optimization.h */,
				01F6EC0F20CA69D800CC5606 /* MetalCompute.h */,
				733208721F14D68700B4611F /* Utils.h */,
				733208711F14D68700B4611F /* TimeProfile.h */,
				733208701F14D68700B4611F /* OpenCLUtils.h */,
				7332086D1F14D68700B4611F /* LoadIrisDataSet.h */,
				01B73F9E20C0E2FA0096F830 /* LoadMNISTDataSet.h */,
			);
			name = include;
			sourceTree = "<group>";
		};
		7371ACCC1ED32CA900E291B6 /* Frameworks */ = {
			isa = PBXGroup;
			children = (
				01F6EC1220CDF3F300CC5606 /* MetalKit.framework */,
				01F6EC1020CDF23600CC5606 /* Metal.framework */,
				7371AD0D1EEBCFDB00E291B6 /* OpenCL.framework */,
				7371ACCD1ED32CA900E291B6 /* Accelerate.framework */,
			);
			name = Frameworks;
			sourceTree = "<group>";
		};
		73B408F91ED14BC9000197ED = {
			isa = PBXGroup;
			children = (
				733208581F14CEA600B4611F /* README.md */,
				01F6EC1420CE166200CC5606 /* metal */,
				7332085C1F14D63600B4611F /* include */,
				7332085B1F14D62C00B4611F /* src */,
				73B409031ED14BC9000197ED /* Products */,
				7371ACCC1ED32CA900E291B6 /* Frameworks */,
			);
			sourceTree = "<group>";
		};
		73B409031ED14BC9000197ED /* Products */ = {
			isa = PBXGroup;
			children = (
				73B409021ED14BC9000197ED /* FeedforwardNT */,
			);
			name = Products;
			sourceTree = "<group>";
		};
/* End PBXGroup section */

/* Begin PBXNativeTarget section */
		73B409011ED14BC9000197ED /* FeedforwardNT */ = {
			isa = PBXNativeTarget;
			buildConfigurationList = 73B409091ED14BC9000197ED /* Build configuration list for PBXNativeTarget "FeedforwardNT" */;
			buildPhases = (
				73B408FE1ED14BC9000197ED /* Sources */,
				73B408FF1ED14BC9000197ED /* Frameworks */,
				73B409001ED14BC9000197ED /* CopyFiles */,
			);
			buildRules = (
			);
			dependencies = (
			);
			name = FeedforwardNT;
			productName = FeedforwardNT;
			productReference = 73B409021ED14BC9000197ED /* FeedforwardNT */;
			productType = "com.apple.product-type.tool";
		};
/* End PBXNativeTarget section */

/* Begin PBXProject section */
		73B408FA1ED14BC9000197ED /* Project object */ = {
			isa = PBXProject;
			attributes = {
				LastUpgradeCheck = 0930;
				ORGANIZATIONNAME = ScienceSoul;
				TargetAttributes = {
					73B409011ED14BC9000197ED = {
						CreatedOnToolsVersion = 8.3.2;
						DevelopmentTeam = 65WT6FN4B4;
						ProvisioningStyle = Automatic;
					};
				};
			};
			buildConfigurationList = 73B408FD1ED14BC9000197ED /* Build configuration list for PBXProject "FeedforwardNT" */;
			compatibilityVersion = "Xcode 3.2";
			developmentRegion = English;
			hasScannedForEncodings = 0;
			knownRegions = (
				en,
			);
			mainGroup = 73B408F91ED14BC9000197ED;
			productRefGroup = 73B409031ED14BC9000197ED /* Products */;
			projectDirPath = "";
			projectRoot = "";
			targets = (
				73B409011ED14BC9000197ED /* FeedforwardNT */,
			);
		};
/* End PBXProject section */

/* Begin PBXSourcesBuildPhase section */
		73B408FE1ED14BC9000197ED /* Sources */ = {
			isa = PBXSourcesBuildPhase;
			buildActionMask = 2147483647;
			files = (
				0161750A20E2008800FC40FF /* Data.c in Sources */,
				733208651F14D66700B4611F /* main.c in Sources */,
				733208671F14D66700B4611F /* NeuralNetwork.c in Sources */,
				0161750420DC935E00FC40FF /* Parsing.c in Sources */,
				013B952920CF658E00E033FF /* MetalKernels.metal in Sources */,
				733208691F14D66700B4611F /* TimeProfile.c in Sources */,
				7332086A1F14D66700B4611F /* Utils.c in Sources */,
				0161750720E1FCD800FC40FF /* NetworkUtils.c in Sources */,
				01F6EC0E20CA696A00CC5606 /* MetalCompute.m in Sources */,
				01B73FA020C0E5060096F830 /* LoadMNISTDataSet.c in Sources */,
				733208641F14D66700B4611F /* LoadIrisDataSet.c in Sources */,
				733208681F14D66700B4611F /* OpenCLUtils.c in Sources */,
				733208661F14D66700B4611F /* Memory.c in Sources */,
			);
			runOnlyForDeploymentPostprocessing = 0;
		};
/* End PBXSourcesBuildPhase section */

/* Begin XCBuildConfiguration section */
		73B409071ED14BC9000197ED /* Debug */ = {
			isa = XCBuildConfiguration;
			buildSettings = {
				ALWAYS_SEARCH_USER_PATHS = NO;
				CLANG_ANALYZER_NONNULL = YES;
				CLANG_ANALYZER_NUMBER_OBJECT_CONVERSION = YES_AGGRESSIVE;
				CLANG_CXX_LANGUAGE_STANDARD = "gnu++0x";
				CLANG_CXX_LIBRARY = "libc++";
				CLANG_ENABLE_MODULES = YES;
				CLANG_ENABLE_OBJC_ARC = YES;
				CLANG_WARN_BLOCK_CAPTURE_AUTORELEASING = YES;
				CLANG_WARN_BOOL_CONVERSION = YES;
				CLANG_WARN_COMMA = YES;
				CLANG_WARN_CONSTANT_CONVERSION = YES;
				CLANG_WARN_DEPRECATED_OBJC_IMPLEMENTATIONS = YES;
				CLANG_WARN_DIRECT_OBJC_ISA_USAGE = YES_ERROR;
				CLANG_WARN_DOCUMENTATION_COMMENTS = YES;
				CLANG_WARN_EMPTY_BODY = YES;
				CLANG_WARN_ENUM_CONVERSION = YES;
				CLANG_WARN_INFINITE_RECURSION = YES;
				CLANG_WARN_INT_CONVERSION = YES;
				CLANG_WARN_NON_LITERAL_NULL_CONVERSION = YES;
				CLANG_WARN_OBJC_IMPLICIT_RETAIN_SELF = YES;
				CLANG_WARN_OBJC_LITERAL_CONVERSION = YES;
				CLANG_WARN_OBJC_ROOT_CLASS = YES_ERROR;
				CLANG_WARN_RANGE_LOOP_ANALYSIS = YES;
				CLANG_WARN_STRICT_PROTOTYPES = YES;
				CLANG_WARN_SUSPICIOUS_MOVE = YES;
				CLANG_WARN_UNREACHABLE_CODE = YES;
				CLANG_WARN__DUPLICATE_METHOD_MATCH = YES;
				CODE_SIGN_IDENTITY = "-";
				COPY_PHASE_STRIP = NO;
				DEBUG_INFORMATION_FORMAT = dwarf;
				ENABLE_STRICT_OBJC_MSGSEND = YES;
				ENABLE_TESTABILITY = YES;
				GCC_C_LANGUAGE_STANDARD = gnu99;
				GCC_DYNAMIC_NO_PIC = NO;
				GCC_NO_COMMON_BLOCKS = YES;
				GCC_OPTIMIZATION_LEVEL = 0;
				GCC_PREPROCESSOR_DEFINITIONS = (
					"DEBUG=1",
					"$(inherited)",
				);
				GCC_WARN_64_TO_32_BIT_CONVERSION = YES;
				GCC_WARN_ABOUT_RETURN_TYPE = YES_ERROR;
				GCC_WARN_UNDECLARED_SELECTOR = YES;
				GCC_WARN_UNINITIALIZED_AUTOS = YES_AGGRESSIVE;
				GCC_WARN_UNUSED_FUNCTION = YES;
				GCC_WARN_UNUSED_VARIABLE = YES;
				MACOSX_DEPLOYMENT_TARGET = 10.12;
				MTL_ENABLE_DEBUG_INFO = YES;
				ONLY_ACTIVE_ARCH = YES;
				SDKROOT = macosx;
			};
			name = Debug;
		};
		73B409081ED14BC9000197ED /* Release */ = {
			isa = XCBuildConfiguration;
			buildSettings = {
				ALWAYS_SEARCH_USER_PATHS = NO;
				CLANG_ANALYZER_NONNULL = YES;
				CLANG_ANALYZER_NUMBER_OBJECT_CONVERSION = YES_AGGRESSIVE;
				CLANG_CXX_LANGUAGE_STANDARD = "gnu++0x";
				CLANG_CXX_LIBRARY = "libc++";
				CLANG_ENABLE_MODULES = YES;
				CLANG_ENABLE_OBJC_ARC = YES;
				CLANG_WARN_BLOCK_CAPTURE_AUTORELEASING = YES;
				CLANG_WARN_BOOL_CONVERSION = YES;
				CLANG_WARN_COMMA = YES;
				CLANG_WARN_CONSTANT_CONVERSION = YES;
				CLANG_WARN_DEPRECATED_OBJC_IMPLEMENTATIONS = YES;
				CLANG_WARN_DIRECT_OBJC_ISA_USAGE = YES_ERROR;
				CLANG_WARN_DOCUMENTATION_COMMENTS = YES;
				CLANG_WARN_EMPTY_BODY = YES;
				CLANG_WARN_ENUM_CONVERSION = YES;
				CLANG_WARN_INFINITE_RECURSION = YES;
				CLANG_WARN_INT_CONVERSION = YES;
				CLANG_WARN_NON_LITERAL_NULL_CONVERSION = YES;
				CLANG_WARN_OBJC_IMPLICIT_RETAIN_SELF = YES;
				CLANG_WARN_OBJC_LITERAL_CONVERSION = YES;
				CLANG_WARN_OBJC_ROOT_CLASS = YES_ERROR;
				CLANG_WARN_RANGE_LOOP_ANALYSIS = YES;
				CLANG_WARN_STRICT_PROTOTYPES = YES;
				CLANG_WARN_SUSPICIOUS_MOVE = YES;
				CLANG_WARN_UNREACHABLE_CODE = YES;
				CLANG_WARN__DUPLICATE_METHOD_MATCH = YES;
				CODE_SIGN_IDENTITY = "-";
				COPY_PHASE_STRIP = NO;
				DEBUG_INFORMATION_FORMAT = "dwarf-with-dsym";
				ENABLE_NS_ASSERTIONS = NO;
				ENABLE_STRICT_OBJC_MSGSEND = YES;
				GCC_C_LANGUAGE_STANDARD = gnu99;
				GCC_NO_COMMON_BLOCKS = YES;
				GCC_WARN_64_TO_32_BIT_CONVERSION = YES;
				GCC_WARN_ABOUT_RETURN_TYPE = YES_ERROR;
				GCC_WARN_UNDECLARED_SELECTOR = YES;
				GCC_WARN_UNINITIALIZED_AUTOS = YES_AGGRESSIVE;
				GCC_WARN_UNUSED_FUNCTION = YES;
				GCC_WARN_UNUSED_VARIABLE = YES;
				MACOSX_DEPLOYMENT_TARGET = 10.12;
				MTL_ENABLE_DEBUG_INFO = NO;
				SDKROOT = macosx;
			};
			name = Release;
		};
		73B4090A1ED14BC9000197ED /* Debug */ = {
			isa = XCBuildConfiguration;
			buildSettings = {
				DEVELOPMENT_TEAM = 65WT6FN4B4;
				GCC_PREPROCESSOR_DEFINITIONS = "DEBUG=1";
				PRODUCT_NAME = "$(TARGET_NAME)";
			};
			name = Debug;
		};
		73B4090B1ED14BC9000197ED /* Release */ = {
			isa = XCBuildConfiguration;
			buildSettings = {
				DEVELOPMENT_TEAM = 65WT6FN4B4;
				PRODUCT_NAME = "$(TARGET_NAME)";
			};
			name = Release;
		};
/* End XCBuildConfiguration section */

/* Begin XCConfigurationList section */
		73B408FD1ED14BC9000197ED /* Build configuration list for PBXProject "FeedforwardNT" */ = {
			isa = XCConfigurationList;
			buildConfigurations = (
				73B409071ED14BC9000197ED /* Debug */,
				73B409081ED14BC9000197ED /* Release */,
			);
			defaultConfigurationIsVisible = 0;
			defaultConfigurationName = Release;
		};
		73B409091ED14BC9000197ED /* Build configuration list for PBXNativeTarget "FeedforwardNT" */ = {
			isa = XCConfigurationList;
			buildConfigurations = (
				73B4090A1ED14BC9000197ED /* Debug */,
				73B4090B1ED14BC9000197ED /* Release */,
			);
			defaultConfigurationIsVisible = 0;
			defaultConfigurationName = Release;
		};
/* End XCConfigurationList section */
	};
	rootObject = 73B408FA1ED14BC9000197ED /* Project object */;
}
